
Microsoft Visual Studio Solution File, Format Version 12.00
# Visual Studio Version 16
VisualStudioVersion = 16.0.31624.102
MinimumVisualStudioVersion = 10.0.40219.1
Project("{FAE04EC0-301F-11D3-BF4B-00C04F79EFBC}") = "1_Lesson", "1_Lesson\1_Lesson.csproj", "{BBABB3EC-2D12-4115-906B-D0A0ED9B2285}"
EndProject
Global
	GlobalSection(SolutionConfigurationPlatforms) = preSolution
		Debug|Any CPU = Debug|Any CPU
		Release|Any CPU = Release|Any CPU
	EndGlobalSection
	GlobalSection(ProjectConfigurationPlatforms) = postSolution
		{BBABB3EC-2D12-4115-906B-D0A0ED9B2285}.Debug|Any CPU.ActiveCfg = Debug|Any CPU
		{BBABB3EC-2D12-4115-906B-D0A0ED9B2285}.Debug|Any CPU.Build.0 = Debug|Any CPU
		{BBABB3EC-2D12-4115-906B-D0A0ED9B2285}.Release|Any CPU.ActiveCfg = Release|Any CPU
		{BBABB3EC-2D12-4115-906B-D0A0ED9B2285}.Release|Any CPU.Build.0 = Release|Any CPU
	EndGlobalSection
	GlobalSection(SolutionProperties) = preSolution
		HideSolutionNode = FALSE
	EndGlobalSection
	GlobalSection(ExtensibilityGlobals) = postSolution
		SolutionGuid = {9302DEC9-F229-41D5-80BE-AA6AD311C8D0}
	EndGlobalSection
EndGlobal
